
Microsoft Visual Studio Solution File, Format Version 12.00
# Visual Studio 14
VisualStudioVersion = 14.0.25420.1
MinimumVisualStudioVersion = 10.0.40219.1
Project("{2150E333-8FDC-42A3-9474-1A3956D46DE8}") = "AzureBackend", "AzureBackend", "{2A10BF7E-1411-43E5-8BF6-9695BD5ACEC5}"
EndProject
Project("{2150E333-8FDC-42A3-9474-1A3956D46DE8}") = "MobileApp", "MobileApp", "{43B37DEF-7E67-4FD5-8026-39FC2F99887A}"
EndProject
Project("{FAE04EC0-301F-11D3-BF4B-00C04F79EFBC}") = "SiderApi", "AzureBackend\SiderApi\SiderApi.csproj", "{3F9839F8-4C08-4502-9350-7077DC829A7A}"
EndProject
Project("{FAE04EC0-301F-11D3-BF4B-00C04F79EFBC}") = "SiderApi.Tests", "AzureBackend\SiderApi.Tests\SiderApi.Tests.csproj", "{FD30E8C9-830B-408C-BFEA-57B19ECB8C7F}"
EndProject
Project("{FAE04EC0-301F-11D3-BF4B-00C04F79EFBC}") = "SiderAPIService", "AzureBackend\SiderAPIService\SiderAPIService.csproj", "{EEC369F4-0852-49D6-9293-063EE2CE6AFE}"
EndProject
Project("{2150E333-8FDC-42A3-9474-1A3956D46DE8}") = "Testing", "Testing", "{12FA8FA3-C9A2-4787-898A-8E21A60C4435}"
EndProject
Project("{FAE04EC0-301F-11D3-BF4B-00C04F79EFBC}") = "Sidercar", "MobileApp\Sidercar\Sidercar\Sidercar.csproj", "{6AE06621-970E-4B34-ADC3-0022C7D0FC21}"
EndProject
Project("{FAE04EC0-301F-11D3-BF4B-00C04F79EFBC}") = "Sidercar.Droid", "MobileApp\Sidercar\Sidercar.Droid\Sidercar.Droid.csproj", "{1D5CDE0B-5396-4CC0-89A0-7799990BA076}"
EndProject
Project("{FAE04EC0-301F-11D3-BF4B-00C04F79EFBC}") = "Sidercar.iOS", "MobileApp\Sidercar\Sidercar.iOS\Sidercar.iOS.csproj", "{CEF178C8-FDEF-438A-99D6-E6BE829B24E1}"
EndProject
Project("{FAE04EC0-301F-11D3-BF4B-00C04F79EFBC}") = "Sidercar.UWP", "MobileApp\Sidercar\Sidercar.UWP\Sidercar.UWP.csproj", "{2DBFB706-4D6A-40F1-9268-7B72486AD872}"
EndProject
Global
	GlobalSection(SolutionConfigurationPlatforms) = preSolution
		Ad-Hoc|Any CPU = Ad-Hoc|Any CPU
		Ad-Hoc|ARM = Ad-Hoc|ARM
		Ad-Hoc|iPhone = Ad-Hoc|iPhone
		Ad-Hoc|iPhoneSimulator = Ad-Hoc|iPhoneSimulator
		Ad-Hoc|x64 = Ad-Hoc|x64
		Ad-Hoc|x86 = Ad-Hoc|x86
		AppStore|Any CPU = AppStore|Any CPU
		AppStore|ARM = AppStore|ARM
		AppStore|iPhone = AppStore|iPhone
		AppStore|iPhoneSimulator = AppStore|iPhoneSimulator
		AppStore|x64 = AppStore|x64
		AppStore|x86 = AppStore|x86
		Debug|Any CPU = Debug|Any CPU
		Debug|ARM = Debug|ARM
		Debug|iPhone = Debug|iPhone
		Debug|iPhoneSimulator = Debug|iPhoneSimulator
		Debug|x64 = Debug|x64
		Debug|x86 = Debug|x86
		Release|Any CPU = Release|Any CPU
		Release|ARM = Release|ARM
		Release|iPhone = Release|iPhone
		Release|iPhoneSimulator = Release|iPhoneSimulator
		Release|x64 = Release|x64
		Release|x86 = Release|x86
	EndGlobalSection
	GlobalSection(ProjectConfigurationPlatforms) = postSolution
		{3F9839F8-4C08-4502-9350-7077DC829A7A}.Ad-Hoc|Any CPU.ActiveCfg = Release|Any CPU
		{3F9839F8-4C08-4502-9350-7077DC829A7A}.Ad-Hoc|Any CPU.Build.0 = Release|Any CPU
		{3F9839F8-4C08-4502-9350-7077DC829A7A}.Ad-Hoc|ARM.ActiveCfg = Release|Any CPU
		{3F9839F8-4C08-4502-9350-7077DC829A7A}.Ad-Hoc|ARM.Build.0 = Release|Any CPU
		{3F9839F8-4C08-4502-9350-7077DC829A7A}.Ad-Hoc|iPhone.ActiveCfg = Release|Any CPU
		{3F9839F8-4C08-4502-9350-7077DC829A7A}.Ad-Hoc|iPhone.Build.0 = Release|Any CPU
		{3F9839F8-4C08-4502-9350-7077DC829A7A}.Ad-Hoc|iPhoneSimulator.ActiveCfg = Release|Any CPU
		{3F9839F8-4C08-4502-9350-7077DC829A7A}.Ad-Hoc|iPhoneSimulator.Build.0 = Release|Any CPU
		{3F9839F8-4C08-4502-9350-7077DC829A7A}.Ad-Hoc|x64.ActiveCfg = Release|Any CPU
		{3F9839F8-4C08-4502-9350-7077DC829A7A}.Ad-Hoc|x64.Build.0 = Release|Any CPU
		{3F9839F8-4C08-4502-9350-7077DC829A7A}.Ad-Hoc|x86.ActiveCfg = Release|Any CPU
		{3F9839F8-4C08-4502-9350-7077DC829A7A}.Ad-Hoc|x86.Build.0 = Release|Any CPU
		{3F9839F8-4C08-4502-9350-7077DC829A7A}.AppStore|Any CPU.ActiveCfg = Release|Any CPU
		{3F9839F8-4C08-4502-9350-7077DC829A7A}.AppStore|Any CPU.Build.0 = Release|Any CPU
		{3F9839F8-4C08-4502-9350-7077DC829A7A}.AppStore|ARM.ActiveCfg = Release|Any CPU
		{3F9839F8-4C08-4502-9350-7077DC829A7A}.AppStore|ARM.Build.0 = Release|Any CPU
		{3F9839F8-4C08-4502-9350-7077DC829A7A}.AppStore|iPhone.ActiveCfg = Release|Any CPU
		{3F9839F8-4C08-4502-9350-7077DC829A7A}.AppStore|iPhone.Build.0 = Release|Any CPU
		{3F9839F8-4C08-4502-9350-7077DC829A7A}.AppStore|iPhoneSimulator.ActiveCfg = Release|Any CPU
		{3F9839F8-4C08-4502-9350-7077DC829A7A}.AppStore|iPhoneSimulator.Build.0 = Release|Any CPU
		{3F9839F8-4C08-4502-9350-7077DC829A7A}.AppStore|x64.ActiveCfg = Release|Any CPU
		{3F9839F8-4C08-4502-9350-7077DC829A7A}.AppStore|x64.Build.0 = Release|Any CPU
		{3F9839F8-4C08-4502-9350-7077DC829A7A}.AppStore|x86.ActiveCfg = Release|Any CPU
		{3F9839F8-4C08-4502-9350-7077DC829A7A}.AppStore|x86.Build.0 = Release|Any CPU
		{3F9839F8-4C08-4502-9350-7077DC829A7A}.Debug|Any CPU.ActiveCfg = Debug|Any CPU
		{3F9839F8-4C08-4502-9350-7077DC829A7A}.Debug|Any CPU.Build.0 = Debug|Any CPU
		{3F9839F8-4C08-4502-9350-7077DC829A7A}.Debug|ARM.ActiveCfg = Debug|Any CPU
		{3F9839F8-4C08-4502-9350-7077DC829A7A}.Debug|ARM.Build.0 = Debug|Any CPU
		{3F9839F8-4C08-4502-9350-7077DC829A7A}.Debug|iPhone.ActiveCfg = Debug|Any CPU
		{3F9839F8-4C08-4502-9350-7077DC829A7A}.Debug|iPhone.Build.0 = Debug|Any CPU
		{3F9839F8-4C08-4502-9350-7077DC829A7A}.Debug|iPhoneSimulator.ActiveCfg = Debug|Any CPU
		{3F9839F8-4C08-4502-9350-7077DC829A7A}.Debug|iPhoneSimulator.Build.0 = Debug|Any CPU
		{3F9839F8-4C08-4502-9350-7077DC829A7A}.Debug|x64.ActiveCfg = Debug|Any CPU
		{3F9839F8-4C08-4502-9350-7077DC829A7A}.Debug|x64.Build.0 = Debug|Any CPU
		{3F9839F8-4C08-4502-9350-7077DC829A7A}.Debug|x86.ActiveCfg = Debug|Any CPU
		{3F9839F8-4C08-4502-9350-7077DC829A7A}.Debug|x86.Build.0 = Debug|Any CPU
		{3F9839F8-4C08-4502-9350-7077DC829A7A}.Release|Any CPU.ActiveCfg = Release|Any CPU
		{3F9839F8-4C08-4502-9350-7077DC829A7A}.Release|Any CPU.Build.0 = Release|Any CPU
		{3F9839F8-4C08-4502-9350-7077DC829A7A}.Release|ARM.ActiveCfg = Release|Any CPU
		{3F9839F8-4C08-4502-9350-7077DC829A7A}.Release|ARM.Build.0 = Release|Any CPU
		{3F9839F8-4C08-4502-9350-7077DC829A7A}.Release|iPhone.ActiveCfg = Release|Any CPU
		{3F9839F8-4C08-4502-9350-7077DC829A7A}.Release|iPhone.Build.0 = Release|Any CPU
		{3F9839F8-4C08-4502-9350-7077DC829A7A}.Release|iPhoneSimulator.ActiveCfg = Release|Any CPU
		{3F9839F8-4C08-4502-9350-7077DC829A7A}.Release|iPhoneSimulator.Build.0 = Release|Any CPU
		{3F9839F8-4C08-4502-9350-7077DC829A7A}.Release|x64.ActiveCfg = Release|Any CPU
		{3F9839F8-4C08-4502-9350-7077DC829A7A}.Release|x64.Build.0 = Release|Any CPU
		{3F9839F8-4C08-4502-9350-7077DC829A7A}.Release|x86.ActiveCfg = Release|Any CPU
		{3F9839F8-4C08-4502-9350-7077DC829A7A}.Release|x86.Build.0 = Release|Any CPU
		{FD30E8C9-830B-408C-BFEA-57B19ECB8C7F}.Ad-Hoc|Any CPU.ActiveCfg = Release|Any CPU
		{FD30E8C9-830B-408C-BFEA-57B19ECB8C7F}.Ad-Hoc|Any CPU.Build.0 = Release|Any CPU
		{FD30E8C9-830B-408C-BFEA-57B19ECB8C7F}.Ad-Hoc|ARM.ActiveCfg = Release|Any CPU
		{FD30E8C9-830B-408C-BFEA-57B19ECB8C7F}.Ad-Hoc|ARM.Build.0 = Release|Any CPU
		{FD30E8C9-830B-408C-BFEA-57B19ECB8C7F}.Ad-Hoc|iPhone.ActiveCfg = Release|Any CPU
		{FD30E8C9-830B-408C-BFEA-57B19ECB8C7F}.Ad-Hoc|iPhone.Build.0 = Release|Any CPU
		{FD30E8C9-830B-408C-BFEA-57B19ECB8C7F}.Ad-Hoc|iPhoneSimulator.ActiveCfg = Release|Any CPU
		{FD30E8C9-830B-408C-BFEA-57B19ECB8C7F}.Ad-Hoc|iPhoneSimulator.Build.0 = Release|Any CPU
		{FD30E8C9-830B-408C-BFEA-57B19ECB8C7F}.Ad-Hoc|x64.ActiveCfg = Release|Any CPU
		{FD30E8C9-830B-408C-BFEA-57B19ECB8C7F}.Ad-Hoc|x64.Build.0 = Release|Any CPU
		{FD30E8C9-830B-408C-BFEA-57B19ECB8C7F}.Ad-Hoc|x86.ActiveCfg = Release|Any CPU
		{FD30E8C9-830B-408C-BFEA-57B19ECB8C7F}.Ad-Hoc|x86.Build.0 = Release|Any CPU
		{FD30E8C9-830B-408C-BFEA-57B19ECB8C7F}.AppStore|Any CPU.ActiveCfg = Release|Any CPU
		{FD30E8C9-830B-408C-BFEA-57B19ECB8C7F}.AppStore|Any CPU.Build.0 = Release|Any CPU
		{FD30E8C9-830B-408C-BFEA-57B19ECB8C7F}.AppStore|ARM.ActiveCfg = Release|Any CPU
		{FD30E8C9-830B-408C-BFEA-57B19ECB8C7F}.AppStore|ARM.Build.0 = Release|Any CPU
		{FD30E8C9-830B-408C-BFEA-57B19ECB8C7F}.AppStore|iPhone.ActiveCfg = Release|Any CPU
		{FD30E8C9-830B-408C-BFEA-57B19ECB8C7F}.AppStore|iPhone.Build.0 = Release|Any CPU
		{FD30E8C9-830B-408C-BFEA-57B19ECB8C7F}.AppStore|iPhoneSimulator.ActiveCfg = Release|Any CPU
		{FD30E8C9-830B-408C-BFEA-57B19ECB8C7F}.AppStore|iPhoneSimulator.Build.0 = Release|Any CPU
		{FD30E8C9-830B-408C-BFEA-57B19ECB8C7F}.AppStore|x64.ActiveCfg = Release|Any CPU
		{FD30E8C9-830B-408C-BFEA-57B19ECB8C7F}.AppStore|x64.Build.0 = Release|Any CPU
		{FD30E8C9-830B-408C-BFEA-57B19ECB8C7F}.AppStore|x86.ActiveCfg = Release|Any CPU
		{FD30E8C9-830B-408C-BFEA-57B19ECB8C7F}.AppStore|x86.Build.0 = Release|Any CPU
		{FD30E8C9-830B-408C-BFEA-57B19ECB8C7F}.Debug|Any CPU.ActiveCfg = Debug|Any CPU
		{FD30E8C9-830B-408C-BFEA-57B19ECB8C7F}.Debug|Any CPU.Build.0 = Debug|Any CPU
		{FD30E8C9-830B-408C-BFEA-57B19ECB8C7F}.Debug|ARM.ActiveCfg = Debug|Any CPU
		{FD30E8C9-830B-408C-BFEA-57B19ECB8C7F}.Debug|ARM.Build.0 = Debug|Any CPU
		{FD30E8C9-830B-408C-BFEA-57B19ECB8C7F}.Debug|iPhone.ActiveCfg = Debug|Any CPU
		{FD30E8C9-830B-408C-BFEA-57B19ECB8C7F}.Debug|iPhone.Build.0 = Debug|Any CPU
		{FD30E8C9-830B-408C-BFEA-57B19ECB8C7F}.Debug|iPhoneSimulator.ActiveCfg = Debug|Any CPU
		{FD30E8C9-830B-408C-BFEA-57B19ECB8C7F}.Debug|iPhoneSimulator.Build.0 = Debug|Any CPU
		{FD30E8C9-830B-408C-BFEA-57B19ECB8C7F}.Debug|x64.ActiveCfg = Debug|Any CPU
		{FD30E8C9-830B-408C-BFEA-57B19ECB8C7F}.Debug|x64.Build.0 = Debug|Any CPU
		{FD30E8C9-830B-408C-BFEA-57B19ECB8C7F}.Debug|x86.ActiveCfg = Debug|Any CPU
		{FD30E8C9-830B-408C-BFEA-57B19ECB8C7F}.Debug|x86.Build.0 = Debug|Any CPU
		{FD30E8C9-830B-408C-BFEA-57B19ECB8C7F}.Release|Any CPU.ActiveCfg = Release|Any CPU
		{FD30E8C9-830B-408C-BFEA-57B19ECB8C7F}.Release|Any CPU.Build.0 = Release|Any CPU
		{FD30E8C9-830B-408C-BFEA-57B19ECB8C7F}.Release|ARM.ActiveCfg = Release|Any CPU
		{FD30E8C9-830B-408C-BFEA-57B19ECB8C7F}.Release|ARM.Build.0 = Release|Any CPU
		{FD30E8C9-830B-408C-BFEA-57B19ECB8C7F}.Release|iPhone.ActiveCfg = Release|Any CPU
		{FD30E8C9-830B-408C-BFEA-57B19ECB8C7F}.Release|iPhone.Build.0 = Release|Any CPU
		{FD30E8C9-830B-408C-BFEA-57B19ECB8C7F}.Release|iPhoneSimulator.ActiveCfg = Release|Any CPU
		{FD30E8C9-830B-408C-BFEA-57B19ECB8C7F}.Release|iPhoneSimulator.Build.0 = Release|Any CPU
		{FD30E8C9-830B-408C-BFEA-57B19ECB8C7F}.Release|x64.ActiveCfg = Release|Any CPU
		{FD30E8C9-830B-408C-BFEA-57B19ECB8C7F}.Release|x64.Build.0 = Release|Any CPU
		{FD30E8C9-830B-408C-BFEA-57B19ECB8C7F}.Release|x86.ActiveCfg = Release|Any CPU
		{FD30E8C9-830B-408C-BFEA-57B19ECB8C7F}.Release|x86.Build.0 = Release|Any CPU
		{EEC369F4-0852-49D6-9293-063EE2CE6AFE}.Ad-Hoc|Any CPU.ActiveCfg = Release|Any CPU
		{EEC369F4-0852-49D6-9293-063EE2CE6AFE}.Ad-Hoc|Any CPU.Build.0 = Release|Any CPU
		{EEC369F4-0852-49D6-9293-063EE2CE6AFE}.Ad-Hoc|ARM.ActiveCfg = Release|Any CPU
		{EEC369F4-0852-49D6-9293-063EE2CE6AFE}.Ad-Hoc|ARM.Build.0 = Release|Any CPU
		{EEC369F4-0852-49D6-9293-063EE2CE6AFE}.Ad-Hoc|iPhone.ActiveCfg = Release|Any CPU
		{EEC369F4-0852-49D6-9293-063EE2CE6AFE}.Ad-Hoc|iPhone.Build.0 = Release|Any CPU
		{EEC369F4-0852-49D6-9293-063EE2CE6AFE}.Ad-Hoc|iPhoneSimulator.ActiveCfg = Release|Any CPU
		{EEC369F4-0852-49D6-9293-063EE2CE6AFE}.Ad-Hoc|iPhoneSimulator.Build.0 = Release|Any CPU
		{EEC369F4-0852-49D6-9293-063EE2CE6AFE}.Ad-Hoc|x64.ActiveCfg = Release|Any CPU
		{EEC369F4-0852-49D6-9293-063EE2CE6AFE}.Ad-Hoc|x64.Build.0 = Release|Any CPU
		{EEC369F4-0852-49D6-9293-063EE2CE6AFE}.Ad-Hoc|x86.ActiveCfg = Release|Any CPU
		{EEC369F4-0852-49D6-9293-063EE2CE6AFE}.Ad-Hoc|x86.Build.0 = Release|Any CPU
		{EEC369F4-0852-49D6-9293-063EE2CE6AFE}.AppStore|Any CPU.ActiveCfg = Release|Any CPU
		{EEC369F4-0852-49D6-9293-063EE2CE6AFE}.AppStore|Any CPU.Build.0 = Release|Any CPU
		{EEC369F4-0852-49D6-9293-063EE2CE6AFE}.AppStore|ARM.ActiveCfg = Release|Any CPU
		{EEC369F4-0852-49D6-9293-063EE2CE6AFE}.AppStore|ARM.Build.0 = Release|Any CPU
		{EEC369F4-0852-49D6-9293-063EE2CE6AFE}.AppStore|iPhone.ActiveCfg = Release|Any CPU
		{EEC369F4-0852-49D6-9293-063EE2CE6AFE}.AppStore|iPhone.Build.0 = Release|Any CPU
		{EEC369F4-0852-49D6-9293-063EE2CE6AFE}.AppStore|iPhoneSimulator.ActiveCfg = Release|Any CPU
		{EEC369F4-0852-49D6-9293-063EE2CE6AFE}.AppStore|iPhoneSimulator.Build.0 = Release|Any CPU
		{EEC369F4-0852-49D6-9293-063EE2CE6AFE}.AppStore|x64.ActiveCfg = Release|Any CPU
		{EEC369F4-0852-49D6-9293-063EE2CE6AFE}.AppStore|x64.Build.0 = Release|Any CPU
		{EEC369F4-0852-49D6-9293-063EE2CE6AFE}.AppStore|x86.ActiveCfg = Release|Any CPU
		{EEC369F4-0852-49D6-9293-063EE2CE6AFE}.AppStore|x86.Build.0 = Release|Any CPU
		{EEC369F4-0852-49D6-9293-063EE2CE6AFE}.Debug|Any CPU.ActiveCfg = Debug|Any CPU
		{EEC369F4-0852-49D6-9293-063EE2CE6AFE}.Debug|Any CPU.Build.0 = Debug|Any CPU
		{EEC369F4-0852-49D6-9293-063EE2CE6AFE}.Debug|ARM.ActiveCfg = Debug|Any CPU
		{EEC369F4-0852-49D6-9293-063EE2CE6AFE}.Debug|ARM.Build.0 = Debug|Any CPU
		{EEC369F4-0852-49D6-9293-063EE2CE6AFE}.Debug|iPhone.ActiveCfg = Debug|Any CPU
		{EEC369F4-0852-49D6-9293-063EE2CE6AFE}.Debug|iPhone.Build.0 = Debug|Any CPU
		{EEC369F4-0852-49D6-9293-063EE2CE6AFE}.Debug|iPhoneSimulator.ActiveCfg = Debug|Any CPU
		{EEC369F4-0852-49D6-9293-063EE2CE6AFE}.Debug|iPhoneSimulator.Build.0 = Debug|Any CPU
		{EEC369F4-0852-49D6-9293-063EE2CE6AFE}.Debug|x64.ActiveCfg = Debug|Any CPU
		{EEC369F4-0852-49D6-9293-063EE2CE6AFE}.Debug|x64.Build.0 = Debug|Any CPU
		{EEC369F4-0852-49D6-9293-063EE2CE6AFE}.Debug|x86.ActiveCfg = Debug|Any CPU
		{EEC369F4-0852-49D6-9293-063EE2CE6AFE}.Debug|x86.Build.0 = Debug|Any CPU
		{EEC369F4-0852-49D6-9293-063EE2CE6AFE}.Release|Any CPU.ActiveCfg = Release|Any CPU
		{EEC369F4-0852-49D6-9293-063EE2CE6AFE}.Release|Any CPU.Build.0 = Release|Any CPU
		{EEC369F4-0852-49D6-9293-063EE2CE6AFE}.Release|ARM.ActiveCfg = Release|Any CPU
		{EEC369F4-0852-49D6-9293-063EE2CE6AFE}.Release|ARM.Build.0 = Release|Any CPU
		{EEC369F4-0852-49D6-9293-063EE2CE6AFE}.Release|iPhone.ActiveCfg = Release|Any CPU
		{EEC369F4-0852-49D6-9293-063EE2CE6AFE}.Release|iPhone.Build.0 = Release|Any CPU
		{EEC369F4-0852-49D6-9293-063EE2CE6AFE}.Release|iPhoneSimulator.ActiveCfg = Release|Any CPU
		{EEC369F4-0852-49D6-9293-063EE2CE6AFE}.Release|iPhoneSimulator.Build.0 = Release|Any CPU
		{EEC369F4-0852-49D6-9293-063EE2CE6AFE}.Release|x64.ActiveCfg = Release|Any CPU
		{EEC369F4-0852-49D6-9293-063EE2CE6AFE}.Release|x64.Build.0 = Release|Any CPU
		{EEC369F4-0852-49D6-9293-063EE2CE6AFE}.Release|x86.ActiveCfg = Release|Any CPU
		{EEC369F4-0852-49D6-9293-063EE2CE6AFE}.Release|x86.Build.0 = Release|Any CPU
		{6AE06621-970E-4B34-ADC3-0022C7D0FC21}.Ad-Hoc|Any CPU.ActiveCfg = Release|Any CPU
		{6AE06621-970E-4B34-ADC3-0022C7D0FC21}.Ad-Hoc|Any CPU.Build.0 = Release|Any CPU
		{6AE06621-970E-4B34-ADC3-0022C7D0FC21}.Ad-Hoc|ARM.ActiveCfg = Release|Any CPU
		{6AE06621-970E-4B34-ADC3-0022C7D0FC21}.Ad-Hoc|ARM.Build.0 = Release|Any CPU
		{6AE06621-970E-4B34-ADC3-0022C7D0FC21}.Ad-Hoc|iPhone.ActiveCfg = Release|Any CPU
		{6AE06621-970E-4B34-ADC3-0022C7D0FC21}.Ad-Hoc|iPhone.Build.0 = Release|Any CPU
		{6AE06621-970E-4B34-ADC3-0022C7D0FC21}.Ad-Hoc|iPhoneSimulator.ActiveCfg = Release|Any CPU
		{6AE06621-970E-4B34-ADC3-0022C7D0FC21}.Ad-Hoc|iPhoneSimulator.Build.0 = Release|Any CPU
		{6AE06621-970E-4B34-ADC3-0022C7D0FC21}.Ad-Hoc|x64.ActiveCfg = Release|Any CPU
		{6AE06621-970E-4B34-ADC3-0022C7D0FC21}.Ad-Hoc|x64.Build.0 = Release|Any CPU
		{6AE06621-970E-4B34-ADC3-0022C7D0FC21}.Ad-Hoc|x86.ActiveCfg = Release|Any CPU
		{6AE06621-970E-4B34-ADC3-0022C7D0FC21}.Ad-Hoc|x86.Build.0 = Release|Any CPU
		{6AE06621-970E-4B34-ADC3-0022C7D0FC21}.AppStore|Any CPU.ActiveCfg = Release|Any CPU
		{6AE06621-970E-4B34-ADC3-0022C7D0FC21}.AppStore|Any CPU.Build.0 = Release|Any CPU
		{6AE06621-970E-4B34-ADC3-0022C7D0FC21}.AppStore|ARM.ActiveCfg = Release|Any CPU
		{6AE06621-970E-4B34-ADC3-0022C7D0FC21}.AppStore|ARM.Build.0 = Release|Any CPU
		{6AE06621-970E-4B34-ADC3-0022C7D0FC21}.AppStore|iPhone.ActiveCfg = Release|Any CPU
		{6AE06621-970E-4B34-ADC3-0022C7D0FC21}.AppStore|iPhone.Build.0 = Release|Any CPU
		{6AE06621-970E-4B34-ADC3-0022C7D0FC21}.AppStore|iPhoneSimulator.ActiveCfg = Release|Any CPU
		{6AE06621-970E-4B34-ADC3-0022C7D0FC21}.AppStore|iPhoneSimulator.Build.0 = Release|Any CPU
		{6AE06621-970E-4B34-ADC3-0022C7D0FC21}.AppStore|x64.ActiveCfg = Release|Any CPU
		{6AE06621-970E-4B34-ADC3-0022C7D0FC21}.AppStore|x64.Build.0 = Release|Any CPU
		{6AE06621-970E-4B34-ADC3-0022C7D0FC21}.AppStore|x86.ActiveCfg = Release|Any CPU
		{6AE06621-970E-4B34-ADC3-0022C7D0FC21}.AppStore|x86.Build.0 = Release|Any CPU
		{6AE06621-970E-4B34-ADC3-0022C7D0FC21}.Debug|Any CPU.ActiveCfg = Debug|Any CPU
		{6AE06621-970E-4B34-ADC3-0022C7D0FC21}.Debug|Any CPU.Build.0 = Debug|Any CPU
		{6AE06621-970E-4B34-ADC3-0022C7D0FC21}.Debug|ARM.ActiveCfg = Debug|Any CPU
		{6AE06621-970E-4B34-ADC3-0022C7D0FC21}.Debug|ARM.Build.0 = Debug|Any CPU
		{6AE06621-970E-4B34-ADC3-0022C7D0FC21}.Debug|iPhone.ActiveCfg = Debug|Any CPU
		{6AE06621-970E-4B34-ADC3-0022C7D0FC21}.Debug|iPhone.Build.0 = Debug|Any CPU
		{6AE06621-970E-4B34-ADC3-0022C7D0FC21}.Debug|iPhoneSimulator.ActiveCfg = Debug|Any CPU
		{6AE06621-970E-4B34-ADC3-0022C7D0FC21}.Debug|iPhoneSimulator.Build.0 = Debug|Any CPU
		{6AE06621-970E-4B34-ADC3-0022C7D0FC21}.Debug|x64.ActiveCfg = Debug|Any CPU
		{6AE06621-970E-4B34-ADC3-0022C7D0FC21}.Debug|x64.Build.0 = Debug|Any CPU
		{6AE06621-970E-4B34-ADC3-0022C7D0FC21}.Debug|x86.ActiveCfg = Debug|Any CPU
		{6AE06621-970E-4B34-ADC3-0022C7D0FC21}.Debug|x86.Build.0 = Debug|Any CPU
		{6AE06621-970E-4B34-ADC3-0022C7D0FC21}.Release|Any CPU.ActiveCfg = Release|Any CPU
		{6AE06621-970E-4B34-ADC3-0022C7D0FC21}.Release|Any CPU.Build.0 = Release|Any CPU
		{6AE06621-970E-4B34-ADC3-0022C7D0FC21}.Release|ARM.ActiveCfg = Release|Any CPU
		{6AE06621-970E-4B34-ADC3-0022C7D0FC21}.Release|ARM.Build.0 = Release|Any CPU
		{6AE06621-970E-4B34-ADC3-0022C7D0FC21}.Release|iPhone.ActiveCfg = Release|Any CPU
		{6AE06621-970E-4B34-ADC3-0022C7D0FC21}.Release|iPhone.Build.0 = Release|Any CPU
		{6AE06621-970E-4B34-ADC3-0022C7D0FC21}.Release|iPhoneSimulator.ActiveCfg = Release|Any CPU
		{6AE06621-970E-4B34-ADC3-0022C7D0FC21}.Release|iPhoneSimulator.Build.0 = Release|Any CPU
		{6AE06621-970E-4B34-ADC3-0022C7D0FC21}.Release|x64.ActiveCfg = Release|Any CPU
		{6AE06621-970E-4B34-ADC3-0022C7D0FC21}.Release|x64.Build.0 = Release|Any CPU
		{6AE06621-970E-4B34-ADC3-0022C7D0FC21}.Release|x86.ActiveCfg = Release|Any CPU
		{6AE06621-970E-4B34-ADC3-0022C7D0FC21}.Release|x86.Build.0 = Release|Any CPU
		{1D5CDE0B-5396-4CC0-89A0-7799990BA076}.Ad-Hoc|Any CPU.ActiveCfg = Release|Any CPU
		{1D5CDE0B-5396-4CC0-89A0-7799990BA076}.Ad-Hoc|Any CPU.Build.0 = Release|Any CPU
		{1D5CDE0B-5396-4CC0-89A0-7799990BA076}.Ad-Hoc|Any CPU.Deploy.0 = Release|Any CPU
		{1D5CDE0B-5396-4CC0-89A0-7799990BA076}.Ad-Hoc|ARM.ActiveCfg = Release|Any CPU
		{1D5CDE0B-5396-4CC0-89A0-7799990BA076}.Ad-Hoc|ARM.Build.0 = Release|Any CPU
		{1D5CDE0B-5396-4CC0-89A0-7799990BA076}.Ad-Hoc|ARM.Deploy.0 = Release|Any CPU
		{1D5CDE0B-5396-4CC0-89A0-7799990BA076}.Ad-Hoc|iPhone.ActiveCfg = Release|Any CPU
		{1D5CDE0B-5396-4CC0-89A0-7799990BA076}.Ad-Hoc|iPhone.Build.0 = Release|Any CPU
		{1D5CDE0B-5396-4CC0-89A0-7799990BA076}.Ad-Hoc|iPhone.Deploy.0 = Release|Any CPU
		{1D5CDE0B-5396-4CC0-89A0-7799990BA076}.Ad-Hoc|iPhoneSimulator.ActiveCfg = Release|Any CPU
		{1D5CDE0B-5396-4CC0-89A0-7799990BA076}.Ad-Hoc|iPhoneSimulator.Build.0 = Release|Any CPU
		{1D5CDE0B-5396-4CC0-89A0-7799990BA076}.Ad-Hoc|iPhoneSimulator.Deploy.0 = Release|Any CPU
		{1D5CDE0B-5396-4CC0-89A0-7799990BA076}.Ad-Hoc|x64.ActiveCfg = Release|Any CPU
		{1D5CDE0B-5396-4CC0-89A0-7799990BA076}.Ad-Hoc|x64.Build.0 = Release|Any CPU
		{1D5CDE0B-5396-4CC0-89A0-7799990BA076}.Ad-Hoc|x64.Deploy.0 = Release|Any CPU
		{1D5CDE0B-5396-4CC0-89A0-7799990BA076}.Ad-Hoc|x86.ActiveCfg = Release|Any CPU
		{1D5CDE0B-5396-4CC0-89A0-7799990BA076}.Ad-Hoc|x86.Build.0 = Release|Any CPU
		{1D5CDE0B-5396-4CC0-89A0-7799990BA076}.Ad-Hoc|x86.Deploy.0 = Release|Any CPU
		{1D5CDE0B-5396-4CC0-89A0-7799990BA076}.AppStore|Any CPU.ActiveCfg = Release|Any CPU
		{1D5CDE0B-5396-4CC0-89A0-7799990BA076}.AppStore|Any CPU.Build.0 = Release|Any CPU
		{1D5CDE0B-5396-4CC0-89A0-7799990BA076}.AppStore|Any CPU.Deploy.0 = Release|Any CPU
		{1D5CDE0B-5396-4CC0-89A0-7799990BA076}.AppStore|ARM.ActiveCfg = Release|Any CPU
		{1D5CDE0B-5396-4CC0-89A0-7799990BA076}.AppStore|ARM.Build.0 = Release|Any CPU
		{1D5CDE0B-5396-4CC0-89A0-7799990BA076}.AppStore|ARM.Deploy.0 = Release|Any CPU
		{1D5CDE0B-5396-4CC0-89A0-7799990BA076}.AppStore|iPhone.ActiveCfg = Release|Any CPU
		{1D5CDE0B-5396-4CC0-89A0-7799990BA076}.AppStore|iPhone.Build.0 = Release|Any CPU
		{1D5CDE0B-5396-4CC0-89A0-7799990BA076}.AppStore|iPhone.Deploy.0 = Release|Any CPU
		{1D5CDE0B-5396-4CC0-89A0-7799990BA076}.AppStore|iPhoneSimulator.ActiveCfg = Release|Any CPU
		{1D5CDE0B-5396-4CC0-89A0-7799990BA076}.AppStore|iPhoneSimulator.Build.0 = Release|Any CPU
		{1D5CDE0B-5396-4CC0-89A0-7799990BA076}.AppStore|iPhoneSimulator.Deploy.0 = Release|Any CPU
		{1D5CDE0B-5396-4CC0-89A0-7799990BA076}.AppStore|x64.ActiveCfg = Release|Any CPU
		{1D5CDE0B-5396-4CC0-89A0-7799990BA076}.AppStore|x64.Build.0 = Release|Any CPU
		{1D5CDE0B-5396-4CC0-89A0-7799990BA076}.AppStore|x64.Deploy.0 = Release|Any CPU
		{1D5CDE0B-5396-4CC0-89A0-7799990BA076}.AppStore|x86.ActiveCfg = Release|Any CPU
		{1D5CDE0B-5396-4CC0-89A0-7799990BA076}.AppStore|x86.Build.0 = Release|Any CPU
		{1D5CDE0B-5396-4CC0-89A0-7799990BA076}.AppStore|x86.Deploy.0 = Release|Any CPU
		{1D5CDE0B-5396-4CC0-89A0-7799990BA076}.Debug|Any CPU.ActiveCfg = Debug|Any CPU
		{1D5CDE0B-5396-4CC0-89A0-7799990BA076}.Debug|Any CPU.Build.0 = Debug|Any CPU
		{1D5CDE0B-5396-4CC0-89A0-7799990BA076}.Debug|Any CPU.Deploy.0 = Debug|Any CPU
		{1D5CDE0B-5396-4CC0-89A0-7799990BA076}.Debug|ARM.ActiveCfg = Debug|Any CPU
		{1D5CDE0B-5396-4CC0-89A0-7799990BA076}.Debug|ARM.Build.0 = Debug|Any CPU
		{1D5CDE0B-5396-4CC0-89A0-7799990BA076}.Debug|ARM.Deploy.0 = Debug|Any CPU
		{1D5CDE0B-5396-4CC0-89A0-7799990BA076}.Debug|iPhone.ActiveCfg = Debug|Any CPU
		{1D5CDE0B-5396-4CC0-89A0-7799990BA076}.Debug|iPhone.Build.0 = Debug|Any CPU
		{1D5CDE0B-5396-4CC0-89A0-7799990BA076}.Debug|iPhone.Deploy.0 = Debug|Any CPU
		{1D5CDE0B-5396-4CC0-89A0-7799990BA076}.Debug|iPhoneSimulator.ActiveCfg = Debug|Any CPU
		{1D5CDE0B-5396-4CC0-89A0-7799990BA076}.Debug|iPhoneSimulator.Build.0 = Debug|Any CPU
		{1D5CDE0B-5396-4CC0-89A0-7799990BA076}.Debug|iPhoneSimulator.Deploy.0 = Debug|Any CPU
		{1D5CDE0B-5396-4CC0-89A0-7799990BA076}.Debug|x64.ActiveCfg = Debug|Any CPU
		{1D5CDE0B-5396-4CC0-89A0-7799990BA076}.Debug|x64.Build.0 = Debug|Any CPU
		{1D5CDE0B-5396-4CC0-89A0-7799990BA076}.Debug|x64.Deploy.0 = Debug|Any CPU
		{1D5CDE0B-5396-4CC0-89A0-7799990BA076}.Debug|x86.ActiveCfg = Debug|Any CPU
		{1D5CDE0B-5396-4CC0-89A0-7799990BA076}.Debug|x86.Build.0 = Debug|Any CPU
		{1D5CDE0B-5396-4CC0-89A0-7799990BA076}.Debug|x86.Deploy.0 = Debug|Any CPU
		{1D5CDE0B-5396-4CC0-89A0-7799990BA076}.Release|Any CPU.ActiveCfg = Release|Any CPU
		{1D5CDE0B-5396-4CC0-89A0-7799990BA076}.Release|Any CPU.Build.0 = Release|Any CPU
		{1D5CDE0B-5396-4CC0-89A0-7799990BA076}.Release|Any CPU.Deploy.0 = Release|Any CPU
		{1D5CDE0B-5396-4CC0-89A0-7799990BA076}.Release|ARM.ActiveCfg = Release|Any CPU
		{1D5CDE0B-5396-4CC0-89A0-7799990BA076}.Release|ARM.Build.0 = Release|Any CPU
		{1D5CDE0B-5396-4CC0-89A0-7799990BA076}.Release|ARM.Deploy.0 = Release|Any CPU
		{1D5CDE0B-5396-4CC0-89A0-7799990BA076}.Release|iPhone.ActiveCfg = Release|Any CPU
		{1D5CDE0B-5396-4CC0-89A0-7799990BA076}.Release|iPhone.Build.0 = Release|Any CPU
		{1D5CDE0B-5396-4CC0-89A0-7799990BA076}.Release|iPhone.Deploy.0 = Release|Any CPU
		{1D5CDE0B-5396-4CC0-89A0-7799990BA076}.Release|iPhoneSimulator.ActiveCfg = Release|Any CPU
		{1D5CDE0B-5396-4CC0-89A0-7799990BA076}.Release|iPhoneSimulator.Build.0 = Release|Any CPU
		{1D5CDE0B-5396-4CC0-89A0-7799990BA076}.Release|iPhoneSimulator.Deploy.0 = Release|Any CPU
		{1D5CDE0B-5396-4CC0-89A0-7799990BA076}.Release|x64.ActiveCfg = Release|Any CPU
		{1D5CDE0B-5396-4CC0-89A0-7799990BA076}.Release|x64.Build.0 = Release|Any CPU
		{1D5CDE0B-5396-4CC0-89A0-7799990BA076}.Release|x64.Deploy.0 = Release|Any CPU
		{1D5CDE0B-5396-4CC0-89A0-7799990BA076}.Release|x86.ActiveCfg = Release|Any CPU
		{1D5CDE0B-5396-4CC0-89A0-7799990BA076}.Release|x86.Build.0 = Release|Any CPU
		{1D5CDE0B-5396-4CC0-89A0-7799990BA076}.Release|x86.Deploy.0 = Release|Any CPU
		{CEF178C8-FDEF-438A-99D6-E6BE829B24E1}.Ad-Hoc|Any CPU.ActiveCfg = Ad-Hoc|iPhone
		{CEF178C8-FDEF-438A-99D6-E6BE829B24E1}.Ad-Hoc|ARM.ActiveCfg = Ad-Hoc|iPhone
		{CEF178C8-FDEF-438A-99D6-E6BE829B24E1}.Ad-Hoc|iPhone.ActiveCfg = Ad-Hoc|iPhone
		{CEF178C8-FDEF-438A-99D6-E6BE829B24E1}.Ad-Hoc|iPhone.Build.0 = Ad-Hoc|iPhone
		{CEF178C8-FDEF-438A-99D6-E6BE829B24E1}.Ad-Hoc|iPhoneSimulator.ActiveCfg = Ad-Hoc|iPhoneSimulator
		{CEF178C8-FDEF-438A-99D6-E6BE829B24E1}.Ad-Hoc|iPhoneSimulator.Build.0 = Ad-Hoc|iPhoneSimulator
		{CEF178C8-FDEF-438A-99D6-E6BE829B24E1}.Ad-Hoc|x64.ActiveCfg = Ad-Hoc|iPhone
		{CEF178C8-FDEF-438A-99D6-E6BE829B24E1}.Ad-Hoc|x86.ActiveCfg = Ad-Hoc|iPhone
		{CEF178C8-FDEF-438A-99D6-E6BE829B24E1}.AppStore|Any CPU.ActiveCfg = AppStore|iPhone
		{CEF178C8-FDEF-438A-99D6-E6BE829B24E1}.AppStore|ARM.ActiveCfg = AppStore|iPhone
		{CEF178C8-FDEF-438A-99D6-E6BE829B24E1}.AppStore|iPhone.ActiveCfg = AppStore|iPhone
		{CEF178C8-FDEF-438A-99D6-E6BE829B24E1}.AppStore|iPhone.Build.0 = AppStore|iPhone
		{CEF178C8-FDEF-438A-99D6-E6BE829B24E1}.AppStore|iPhoneSimulator.ActiveCfg = AppStore|iPhoneSimulator
		{CEF178C8-FDEF-438A-99D6-E6BE829B24E1}.AppStore|iPhoneSimulator.Build.0 = AppStore|iPhoneSimulator
		{CEF178C8-FDEF-438A-99D6-E6BE829B24E1}.AppStore|x64.ActiveCfg = AppStore|iPhone
		{CEF178C8-FDEF-438A-99D6-E6BE829B24E1}.AppStore|x86.ActiveCfg = AppStore|iPhone
		{CEF178C8-FDEF-438A-99D6-E6BE829B24E1}.Debug|Any CPU.ActiveCfg = Debug|iPhone
		{CEF178C8-FDEF-438A-99D6-E6BE829B24E1}.Debug|ARM.ActiveCfg = Debug|iPhone
		{CEF178C8-FDEF-438A-99D6-E6BE829B24E1}.Debug|iPhone.ActiveCfg = Debug|iPhone
		{CEF178C8-FDEF-438A-99D6-E6BE829B24E1}.Debug|iPhone.Build.0 = Debug|iPhone
		{CEF178C8-FDEF-438A-99D6-E6BE829B24E1}.Debug|iPhoneSimulator.ActiveCfg = Debug|iPhoneSimulator
		{CEF178C8-FDEF-438A-99D6-E6BE829B24E1}.Debug|iPhoneSimulator.Build.0 = Debug|iPhoneSimulator
		{CEF178C8-FDEF-438A-99D6-E6BE829B24E1}.Debug|x64.ActiveCfg = Debug|iPhone
		{CEF178C8-FDEF-438A-99D6-E6BE829B24E1}.Debug|x86.ActiveCfg = Debug|iPhone
		{CEF178C8-FDEF-438A-99D6-E6BE829B24E1}.Release|Any CPU.ActiveCfg = Release|iPhone
		{CEF178C8-FDEF-438A-99D6-E6BE829B24E1}.Release|ARM.ActiveCfg = Release|iPhone
		{CEF178C8-FDEF-438A-99D6-E6BE829B24E1}.Release|iPhone.ActiveCfg = Release|iPhone
		{CEF178C8-FDEF-438A-99D6-E6BE829B24E1}.Release|iPhone.Build.0 = Release|iPhone
		{CEF178C8-FDEF-438A-99D6-E6BE829B24E1}.Release|iPhoneSimulator.ActiveCfg = Release|iPhoneSimulator
		{CEF178C8-FDEF-438A-99D6-E6BE829B24E1}.Release|iPhoneSimulator.Build.0 = Release|iPhoneSimulator
		{CEF178C8-FDEF-438A-99D6-E6BE829B24E1}.Release|x64.ActiveCfg = Release|iPhone
		{CEF178C8-FDEF-438A-99D6-E6BE829B24E1}.Release|x86.ActiveCfg = Release|iPhone
		{2DBFB706-4D6A-40F1-9268-7B72486AD872}.Ad-Hoc|Any CPU.ActiveCfg = Release|x86
		{2DBFB706-4D6A-40F1-9268-7B72486AD872}.Ad-Hoc|Any CPU.Build.0 = Release|x86
		{2DBFB706-4D6A-40F1-9268-7B72486AD872}.Ad-Hoc|Any CPU.Deploy.0 = Release|x86
		{2DBFB706-4D6A-40F1-9268-7B72486AD872}.Ad-Hoc|ARM.ActiveCfg = Release|ARM
		{2DBFB706-4D6A-40F1-9268-7B72486AD872}.Ad-Hoc|ARM.Build.0 = Release|ARM
		{2DBFB706-4D6A-40F1-9268-7B72486AD872}.Ad-Hoc|ARM.Deploy.0 = Release|ARM
		{2DBFB706-4D6A-40F1-9268-7B72486AD872}.Ad-Hoc|iPhone.ActiveCfg = Release|x86
		{2DBFB706-4D6A-40F1-9268-7B72486AD872}.Ad-Hoc|iPhone.Build.0 = Release|x86
		{2DBFB706-4D6A-40F1-9268-7B72486AD872}.Ad-Hoc|iPhone.Deploy.0 = Release|x86
		{2DBFB706-4D6A-40F1-9268-7B72486AD872}.Ad-Hoc|iPhoneSimulator.ActiveCfg = Release|x86
		{2DBFB706-4D6A-40F1-9268-7B72486AD872}.Ad-Hoc|iPhoneSimulator.Build.0 = Release|x86
		{2DBFB706-4D6A-40F1-9268-7B72486AD872}.Ad-Hoc|iPhoneSimulator.Deploy.0 = Release|x86
		{2DBFB706-4D6A-40F1-9268-7B72486AD872}.Ad-Hoc|x64.ActiveCfg = Release|x64
		{2DBFB706-4D6A-40F1-9268-7B72486AD872}.Ad-Hoc|x64.Build.0 = Release|x64
		{2DBFB706-4D6A-40F1-9268-7B72486AD872}.Ad-Hoc|x64.Deploy.0 = Release|x64
		{2DBFB706-4D6A-40F1-9268-7B72486AD872}.Ad-Hoc|x86.ActiveCfg = Release|x86
		{2DBFB706-4D6A-40F1-9268-7B72486AD872}.Ad-Hoc|x86.Build.0 = Release|x86
		{2DBFB706-4D6A-40F1-9268-7B72486AD872}.Ad-Hoc|x86.Deploy.0 = Release|x86
		{2DBFB706-4D6A-40F1-9268-7B72486AD872}.AppStore|Any CPU.ActiveCfg = Release|x86
		{2DBFB706-4D6A-40F1-9268-7B72486AD872}.AppStore|Any CPU.Build.0 = Release|x86
		{2DBFB706-4D6A-40F1-9268-7B72486AD872}.AppStore|Any CPU.Deploy.0 = Release|x86
		{2DBFB706-4D6A-40F1-9268-7B72486AD872}.AppStore|ARM.ActiveCfg = Release|ARM
		{2DBFB706-4D6A-40F1-9268-7B72486AD872}.AppStore|ARM.Build.0 = Release|ARM
		{2DBFB706-4D6A-40F1-9268-7B72486AD872}.AppStore|ARM.Deploy.0 = Release|ARM
		{2DBFB706-4D6A-40F1-9268-7B72486AD872}.AppStore|iPhone.ActiveCfg = Release|x86
		{2DBFB706-4D6A-40F1-9268-7B72486AD872}.AppStore|iPhone.Build.0 = Release|x86
		{2DBFB706-4D6A-40F1-9268-7B72486AD872}.AppStore|iPhone.Deploy.0 = Release|x86
		{2DBFB706-4D6A-40F1-9268-7B72486AD872}.AppStore|iPhoneSimulator.ActiveCfg = Release|x86
		{2DBFB706-4D6A-40F1-9268-7B72486AD872}.AppStore|iPhoneSimulator.Build.0 = Release|x86
		{2DBFB706-4D6A-40F1-9268-7B72486AD872}.AppStore|iPhoneSimulator.Deploy.0 = Release|x86
		{2DBFB706-4D6A-40F1-9268-7B72486AD872}.AppStore|x64.ActiveCfg = Release|x64
		{2DBFB706-4D6A-40F1-9268-7B72486AD872}.AppStore|x64.Build.0 = Release|x64
		{2DBFB706-4D6A-40F1-9268-7B72486AD872}.AppStore|x64.Deploy.0 = Release|x64
		{2DBFB706-4D6A-40F1-9268-7B72486AD872}.AppStore|x86.ActiveCfg = Release|x86
		{2DBFB706-4D6A-40F1-9268-7B72486AD872}.AppStore|x86.Build.0 = Release|x86
		{2DBFB706-4D6A-40F1-9268-7B72486AD872}.AppStore|x86.Deploy.0 = Release|x86
		{2DBFB706-4D6A-40F1-9268-7B72486AD872}.Debug|Any CPU.ActiveCfg = Debug|x86
		{2DBFB706-4D6A-40F1-9268-7B72486AD872}.Debug|ARM.ActiveCfg = Debug|ARM
		{2DBFB706-4D6A-40F1-9268-7B72486AD872}.Debug|ARM.Build.0 = Debug|ARM
		{2DBFB706-4D6A-40F1-9268-7B72486AD872}.Debug|ARM.Deploy.0 = Debug|ARM
		{2DBFB706-4D6A-40F1-9268-7B72486AD872}.Debug|iPhone.ActiveCfg = Debug|x86
		{2DBFB706-4D6A-40F1-9268-7B72486AD872}.Debug|iPhoneSimulator.ActiveCfg = Debug|x86
		{2DBFB706-4D6A-40F1-9268-7B72486AD872}.Debug|x64.ActiveCfg = Debug|x64
		{2DBFB706-4D6A-40F1-9268-7B72486AD872}.Debug|x64.Build.0 = Debug|x64
		{2DBFB706-4D6A-40F1-9268-7B72486AD872}.Debug|x64.Deploy.0 = Debug|x64
		{2DBFB706-4D6A-40F1-9268-7B72486AD872}.Debug|x86.ActiveCfg = Debug|x86
		{2DBFB706-4D6A-40F1-9268-7B72486AD872}.Debug|x86.Build.0 = Debug|x86
		{2DBFB706-4D6A-40F1-9268-7B72486AD872}.Debug|x86.Deploy.0 = Debug|x86
		{2DBFB706-4D6A-40F1-9268-7B72486AD872}.Release|Any CPU.ActiveCfg = Release|x86
		{2DBFB706-4D6A-40F1-9268-7B72486AD872}.Release|ARM.ActiveCfg = Release|ARM
		{2DBFB706-4D6A-40F1-9268-7B72486AD872}.Release|ARM.Build.0 = Release|ARM
		{2DBFB706-4D6A-40F1-9268-7B72486AD872}.Release|ARM.Deploy.0 = Release|ARM
		{2DBFB706-4D6A-40F1-9268-7B72486AD872}.Release|iPhone.ActiveCfg = Release|x86
		{2DBFB706-4D6A-40F1-9268-7B72486AD872}.Release|iPhoneSimulator.ActiveCfg = Release|x86
		{2DBFB706-4D6A-40F1-9268-7B72486AD872}.Release|x64.ActiveCfg = Release|x64
		{2DBFB706-4D6A-40F1-9268-7B72486AD872}.Release|x64.Build.0 = Release|x64
		{2DBFB706-4D6A-40F1-9268-7B72486AD872}.Release|x64.Deploy.0 = Release|x64
		{2DBFB706-4D6A-40F1-9268-7B72486AD872}.Release|x86.ActiveCfg = Release|x86
		{2DBFB706-4D6A-40F1-9268-7B72486AD872}.Release|x86.Build.0 = Release|x86
		{2DBFB706-4D6A-40F1-9268-7B72486AD872}.Release|x86.Deploy.0 = Release|x86
	EndGlobalSection
	GlobalSection(SolutionProperties) = preSolution
		HideSolutionNode = FALSE
	EndGlobalSection
	GlobalSection(NestedProjects) = preSolution
		{3F9839F8-4C08-4502-9350-7077DC829A7A} = {2A10BF7E-1411-43E5-8BF6-9695BD5ACEC5}
		{FD30E8C9-830B-408C-BFEA-57B19ECB8C7F} = {12FA8FA3-C9A2-4787-898A-8E21A60C4435}
		{EEC369F4-0852-49D6-9293-063EE2CE6AFE} = {2A10BF7E-1411-43E5-8BF6-9695BD5ACEC5}
		{12FA8FA3-C9A2-4787-898A-8E21A60C4435} = {2A10BF7E-1411-43E5-8BF6-9695BD5ACEC5}
		{6AE06621-970E-4B34-ADC3-0022C7D0FC21} = {43B37DEF-7E67-4FD5-8026-39FC2F99887A}
		{1D5CDE0B-5396-4CC0-89A0-7799990BA076} = {43B37DEF-7E67-4FD5-8026-39FC2F99887A}
		{CEF178C8-FDEF-438A-99D6-E6BE829B24E1} = {43B37DEF-7E67-4FD5-8026-39FC2F99887A}
		{2DBFB706-4D6A-40F1-9268-7B72486AD872} = {43B37DEF-7E67-4FD5-8026-39FC2F99887A}
	EndGlobalSection
EndGlobal
